// !$*UTF8*$!
{
	archiveVersion = 1;
	classes = {
	};
	objectVersion = 56;
	objects = {

/* Begin PBXBuildFile section */
		8B99B5402B5BB2DE00ED20B3 /* MessagerCloneApp.swift in Sources */ = {isa = PBXBuildFile; fileRef = 8B99B53F2B5BB2DE00ED20B3 /* MessagerCloneApp.swift */; };
		8B99B5422B5BB2DE00ED20B3 /* ContentView.swift in Sources */ = {isa = PBXBuildFile; fileRef = 8B99B5412B5BB2DE00ED20B3 /* ContentView.swift */; };
		8B99B5442B5BB2E000ED20B3 /* Assets.xcassets in Resources */ = {isa = PBXBuildFile; fileRef = 8B99B5432B5BB2E000ED20B3 /* Assets.xcassets */; };
		8B99B5482B5BB2E000ED20B3 /* Preview Assets.xcassets in Resources */ = {isa = PBXBuildFile; fileRef = 8B99B5472B5BB2E000ED20B3 /* Preview Assets.xcassets */; };
		8BA86A042B5C16D700B76079 /* LoginView.swift in Sources */ = {isa = PBXBuildFile; fileRef = 8BA86A032B5C16D700B76079 /* LoginView.swift */; };
		8BA86A062B5C226600B76079 /* RegistrationView.swift in Sources */ = {isa = PBXBuildFile; fileRef = 8BA86A052B5C226600B76079 /* RegistrationView.swift */; };
		8BA86A092B5CB99900B76079 /* InboxView.swift in Sources */ = {isa = PBXBuildFile; fileRef = 8BA86A082B5CB99900B76079 /* InboxView.swift */; };
		8BA86A0C2B5CBCB200B76079 /* ActiveNowView.swift in Sources */ = {isa = PBXBuildFile; fileRef = 8BA86A0B2B5CBCB200B76079 /* ActiveNowView.swift */; };
		8BA86A0E2B5CBFD600B76079 /* InboxRowView.swift in Sources */ = {isa = PBXBuildFile; fileRef = 8BA86A0D2B5CBFD600B76079 /* InboxRowView.swift */; };
		8BA86A112B5CFFDF00B76079 /* NewMessageView.swift in Sources */ = {isa = PBXBuildFile; fileRef = 8BA86A102B5CFFDF00B76079 /* NewMessageView.swift */; };
		8BA86A142B5D052200B76079 /* ProfileView.swift in Sources */ = {isa = PBXBuildFile; fileRef = 8BA86A132B5D052200B76079 /* ProfileView.swift */; };
		8BA86A182B5D0B5B00B76079 /* SettingOptionsViewModel.swift in Sources */ = {isa = PBXBuildFile; fileRef = 8BA86A172B5D0B5B00B76079 /* SettingOptionsViewModel.swift */; };
		8BA86A1A2B5D104400B76079 /* ProfileViewModel.swift in Sources */ = {isa = PBXBuildFile; fileRef = 8BA86A192B5D104400B76079 /* ProfileViewModel.swift */; };
		8BA86A1C2B5D617600B76079 /* User.swift in Sources */ = {isa = PBXBuildFile; fileRef = 8BA86A1B2B5D617600B76079 /* User.swift */; };
		8BA86A1F2B5D685800B76079 /* CirculaProfileImageView.swift in Sources */ = {isa = PBXBuildFile; fileRef = 8BA86A1E2B5D685800B76079 /* CirculaProfileImageView.swift */; };
		8BA86A222B5D6B4B00B76079 /* ChatView.swift in Sources */ = {isa = PBXBuildFile; fileRef = 8BA86A212B5D6B4B00B76079 /* ChatView.swift */; };
		8BA86A242B5D6DB200B76079 /* ChatMessageCell.swift in Sources */ = {isa = PBXBuildFile; fileRef = 8BA86A232B5D6DB200B76079 /* ChatMessageCell.swift */; };
		8BA86A262B5D701400B76079 /* ChatBubble.swift in Sources */ = {isa = PBXBuildFile; fileRef = 8BA86A252B5D701400B76079 /* ChatBubble.swift */; };
		8BF93C812B655518005147EF /* GoogleService-Info.plist in Resources */ = {isa = PBXBuildFile; fileRef = 8BF93C802B655518005147EF /* GoogleService-Info.plist */; };
		8BF93C842B6555F3005147EF /* FirebaseAnalytics in Frameworks */ = {isa = PBXBuildFile; productRef = 8BF93C832B6555F3005147EF /* FirebaseAnalytics */; };
		8BF93C862B6555F3005147EF /* FirebaseAnalyticsOnDeviceConversion in Frameworks */ = {isa = PBXBuildFile; productRef = 8BF93C852B6555F3005147EF /* FirebaseAnalyticsOnDeviceConversion */; };
		8BF93C882B6555F3005147EF /* FirebaseAnalyticsSwift in Frameworks */ = {isa = PBXBuildFile; productRef = 8BF93C872B6555F3005147EF /* FirebaseAnalyticsSwift */; };
		8BF93C8A2B6555F3005147EF /* FirebaseAnalyticsWithoutAdIdSupport in Frameworks */ = {isa = PBXBuildFile; productRef = 8BF93C892B6555F3005147EF /* FirebaseAnalyticsWithoutAdIdSupport */; };
		8BF93C8C2B6555F3005147EF /* FirebaseAppCheck in Frameworks */ = {isa = PBXBuildFile; productRef = 8BF93C8B2B6555F3005147EF /* FirebaseAppCheck */; };
		8BF93C8E2B6555F3005147EF /* FirebaseAppDistribution-Beta in Frameworks */ = {isa = PBXBuildFile; productRef = 8BF93C8D2B6555F3005147EF /* FirebaseAppDistribution-Beta */; };
		8BF93C902B6555F3005147EF /* FirebaseAuth in Frameworks */ = {isa = PBXBuildFile; productRef = 8BF93C8F2B6555F3005147EF /* FirebaseAuth */; };
		8BF93C922B6555F3005147EF /* FirebaseAuthCombine-Community in Frameworks */ = {isa = PBXBuildFile; productRef = 8BF93C912B6555F3005147EF /* FirebaseAuthCombine-Community */; };
		8BF93C942B6555F3005147EF /* FirebaseCrashlytics in Frameworks */ = {isa = PBXBuildFile; productRef = 8BF93C932B6555F3005147EF /* FirebaseCrashlytics */; };
		8BF93C962B6555F3005147EF /* FirebaseDatabase in Frameworks */ = {isa = PBXBuildFile; productRef = 8BF93C952B6555F3005147EF /* FirebaseDatabase */; };
		8BF93C982B6555F3005147EF /* FirebaseDynamicLinks in Frameworks */ = {isa = PBXBuildFile; productRef = 8BF93C972B6555F3005147EF /* FirebaseDynamicLinks */; };
		8BF93C9A2B6555F3005147EF /* FirebaseFirestore in Frameworks */ = {isa = PBXBuildFile; productRef = 8BF93C992B6555F3005147EF /* FirebaseFirestore */; };
		8BF93C9C2B6555F3005147EF /* FirebaseFirestoreCombine-Community in Frameworks */ = {isa = PBXBuildFile; productRef = 8BF93C9B2B6555F3005147EF /* FirebaseFirestoreCombine-Community */; };
		8BF93C9E2B6555F3005147EF /* FirebaseFirestoreSwift in Frameworks */ = {isa = PBXBuildFile; productRef = 8BF93C9D2B6555F3005147EF /* FirebaseFirestoreSwift */; };
		8BF93CA02B6555F3005147EF /* FirebaseFunctions in Frameworks */ = {isa = PBXBuildFile; productRef = 8BF93C9F2B6555F3005147EF /* FirebaseFunctions */; };
		8BF93CA22B6555F3005147EF /* FirebaseFunctionsCombine-Community in Frameworks */ = {isa = PBXBuildFile; productRef = 8BF93CA12B6555F3005147EF /* FirebaseFunctionsCombine-Community */; };
		8BF93CA42B6555F3005147EF /* FirebaseInAppMessaging-Beta in Frameworks */ = {isa = PBXBuildFile; productRef = 8BF93CA32B6555F3005147EF /* FirebaseInAppMessaging-Beta */; };
		8BF93CA62B6555F3005147EF /* FirebaseInAppMessagingSwift-Beta in Frameworks */ = {isa = PBXBuildFile; productRef = 8BF93CA52B6555F3005147EF /* FirebaseInAppMessagingSwift-Beta */; };
		8BF93CA82B6555F3005147EF /* FirebaseInstallations in Frameworks */ = {isa = PBXBuildFile; productRef = 8BF93CA72B6555F3005147EF /* FirebaseInstallations */; };
		8BF93CAA2B6555F3005147EF /* FirebaseMLModelDownloader in Frameworks */ = {isa = PBXBuildFile; productRef = 8BF93CA92B6555F3005147EF /* FirebaseMLModelDownloader */; };
		8BF93CAC2B6555F3005147EF /* FirebaseMessaging in Frameworks */ = {isa = PBXBuildFile; productRef = 8BF93CAB2B6555F3005147EF /* FirebaseMessaging */; };
		8BF93CAE2B6555F3005147EF /* FirebasePerformance in Frameworks */ = {isa = PBXBuildFile; productRef = 8BF93CAD2B6555F3005147EF /* FirebasePerformance */; };
		8BF93CB02B6555F3005147EF /* FirebaseRemoteConfig in Frameworks */ = {isa = PBXBuildFile; productRef = 8BF93CAF2B6555F3005147EF /* FirebaseRemoteConfig */; };
		8BF93CB22B6555F3005147EF /* FirebaseRemoteConfigSwift in Frameworks */ = {isa = PBXBuildFile; productRef = 8BF93CB12B6555F3005147EF /* FirebaseRemoteConfigSwift */; };
		8BF93CB42B6555F3005147EF /* FirebaseStorage in Frameworks */ = {isa = PBXBuildFile; productRef = 8BF93CB32B6555F3005147EF /* FirebaseStorage */; };
		8BF93CB62B6555F3005147EF /* FirebaseStorageCombine-Community in Frameworks */ = {isa = PBXBuildFile; productRef = 8BF93CB52B6555F3005147EF /* FirebaseStorageCombine-Community */; };
/* End PBXBuildFile section */

/* Begin PBXFileReference section */
		8B99B53C2B5BB2DE00ED20B3 /* MessagerClone.app */ = {isa = PBXFileReference; explicitFileType = wrapper.application; includeInIndex = 0; path = MessagerClone.app; sourceTree = BUILT_PRODUCTS_DIR; };
		8B99B53F2B5BB2DE00ED20B3 /* MessagerCloneApp.swift */ = {isa = PBXFileReference; lastKnownFileType = sourcecode.swift; path = MessagerCloneApp.swift; sourceTree = "<group>"; };
		8B99B5412B5BB2DE00ED20B3 /* ContentView.swift */ = {isa = PBXFileReference; lastKnownFileType = sourcecode.swift; path = ContentView.swift; sourceTree = "<group>"; };
		8B99B5432B5BB2E000ED20B3 /* Assets.xcassets */ = {isa = PBXFileReference; lastKnownFileType = folder.assetcatalog; path = Assets.xcassets; sourceTree = "<group>"; };
		8B99B5452B5BB2E000ED20B3 /* MessagerClone.entitlements */ = {isa = PBXFileReference; lastKnownFileType = text.plist.entitlements; path = MessagerClone.entitlements; sourceTree = "<group>"; };
		8B99B5472B5BB2E000ED20B3 /* Preview Assets.xcassets */ = {isa = PBXFileReference; lastKnownFileType = folder.assetcatalog; path = "Preview Assets.xcassets"; sourceTree = "<group>"; };
		8BA86A032B5C16D700B76079 /* LoginView.swift */ = {isa = PBXFileReference; lastKnownFileType = sourcecode.swift; path = LoginView.swift; sourceTree = "<group>"; };
		8BA86A052B5C226600B76079 /* RegistrationView.swift */ = {isa = PBXFileReference; lastKnownFileType = sourcecode.swift; path = RegistrationView.swift; sourceTree = "<group>"; };
		8BA86A082B5CB99900B76079 /* InboxView.swift */ = {isa = PBXFileReference; lastKnownFileType = sourcecode.swift; path = InboxView.swift; sourceTree = "<group>"; };
		8BA86A0B2B5CBCB200B76079 /* ActiveNowView.swift */ = {isa = PBXFileReference; lastKnownFileType = sourcecode.swift; path = ActiveNowView.swift; sourceTree = "<group>"; };
		8BA86A0D2B5CBFD600B76079 /* InboxRowView.swift */ = {isa = PBXFileReference; lastKnownFileType = sourcecode.swift; path = InboxRowView.swift; sourceTree = "<group>"; };
		8BA86A102B5CFFDF00B76079 /* NewMessageView.swift */ = {isa = PBXFileReference; lastKnownFileType = sourcecode.swift; path = NewMessageView.swift; sourceTree = "<group>"; };
		8BA86A132B5D052200B76079 /* ProfileView.swift */ = {isa = PBXFileReference; lastKnownFileType = sourcecode.swift; path = ProfileView.swift; sourceTree = "<group>"; };
		8BA86A172B5D0B5B00B76079 /* SettingOptionsViewModel.swift */ = {isa = PBXFileReference; lastKnownFileType = sourcecode.swift; path = SettingOptionsViewModel.swift; sourceTree = "<group>"; };
		8BA86A192B5D104400B76079 /* ProfileViewModel.swift */ = {isa = PBXFileReference; lastKnownFileType = sourcecode.swift; path = ProfileViewModel.swift; sourceTree = "<group>"; };
		8BA86A1B2B5D617600B76079 /* User.swift */ = {isa = PBXFileReference; lastKnownFileType = sourcecode.swift; path = User.swift; sourceTree = "<group>"; };
		8BA86A1E2B5D685800B76079 /* CirculaProfileImageView.swift */ = {isa = PBXFileReference; lastKnownFileType = sourcecode.swift; path = CirculaProfileImageView.swift; sourceTree = "<group>"; };
		8BA86A212B5D6B4B00B76079 /* ChatView.swift */ = {isa = PBXFileReference; lastKnownFileType = sourcecode.swift; path = ChatView.swift; sourceTree = "<group>"; };
		8BA86A232B5D6DB200B76079 /* ChatMessageCell.swift */ = {isa = PBXFileReference; lastKnownFileType = sourcecode.swift; path = ChatMessageCell.swift; sourceTree = "<group>"; };
		8BA86A252B5D701400B76079 /* ChatBubble.swift */ = {isa = PBXFileReference; lastKnownFileType = sourcecode.swift; path = ChatBubble.swift; sourceTree = "<group>"; };
		8BF93C802B655518005147EF /* GoogleService-Info.plist */ = {isa = PBXFileReference; fileEncoding = 4; lastKnownFileType = text.plist.xml; path = "GoogleService-Info.plist"; sourceTree = "<group>"; };
/* End PBXFileReference section */

/* Begin PBXFrameworksBuildPhase section */
		8B99B5392B5BB2DE00ED20B3 /* Frameworks */ = {
			isa = PBXFrameworksBuildPhase;
			buildActionMask = 2147483647;
			files = (
				8BF93CAE2B6555F3005147EF /* FirebasePerformance in Frameworks */,
				8BF93C9C2B6555F3005147EF /* FirebaseFirestoreCombine-Community in Frameworks */,
				8BF93C962B6555F3005147EF /* FirebaseDatabase in Frameworks */,
				8BF93CB42B6555F3005147EF /* FirebaseStorage in Frameworks */,
				8BF93C982B6555F3005147EF /* FirebaseDynamicLinks in Frameworks */,
				8BF93C9E2B6555F3005147EF /* FirebaseFirestoreSwift in Frameworks */,
				8BF93C882B6555F3005147EF /* FirebaseAnalyticsSwift in Frameworks */,
				8BF93CA42B6555F3005147EF /* FirebaseInAppMessaging-Beta in Frameworks */,
				8BF93C842B6555F3005147EF /* FirebaseAnalytics in Frameworks */,
				8BF93CAA2B6555F3005147EF /* FirebaseMLModelDownloader in Frameworks */,
				8BF93CB22B6555F3005147EF /* FirebaseRemoteConfigSwift in Frameworks */,
				8BF93C862B6555F3005147EF /* FirebaseAnalyticsOnDeviceConversion in Frameworks */,
				8BF93CAC2B6555F3005147EF /* FirebaseMessaging in Frameworks */,
				8BF93CA82B6555F3005147EF /* FirebaseInstallations in Frameworks */,
				8BF93CA22B6555F3005147EF /* FirebaseFunctionsCombine-Community in Frameworks */,
				8BF93C9A2B6555F3005147EF /* FirebaseFirestore in Frameworks */,
				8BF93CB62B6555F3005147EF /* FirebaseStorageCombine-Community in Frameworks */,
				8BF93C8C2B6555F3005147EF /* FirebaseAppCheck in Frameworks */,
				8BF93C8A2B6555F3005147EF /* FirebaseAnalyticsWithoutAdIdSupport in Frameworks */,
				8BF93C902B6555F3005147EF /* FirebaseAuth in Frameworks */,
				8BF93C942B6555F3005147EF /* FirebaseCrashlytics in Frameworks */,
				8BF93CB02B6555F3005147EF /* FirebaseRemoteConfig in Frameworks */,
				8BF93CA02B6555F3005147EF /* FirebaseFunctions in Frameworks */,
				8BF93C8E2B6555F3005147EF /* FirebaseAppDistribution-Beta in Frameworks */,
				8BF93CA62B6555F3005147EF /* FirebaseInAppMessagingSwift-Beta in Frameworks */,
				8BF93C922B6555F3005147EF /* FirebaseAuthCombine-Community in Frameworks */,
			);
			runOnlyForDeploymentPostprocessing = 0;
		};
/* End PBXFrameworksBuildPhase section */

/* Begin PBXGroup section */
		8B99B5332B5BB2DE00ED20B3 = {
			isa = PBXGroup;
			children = (
				8B99B53E2B5BB2DE00ED20B3 /* MessagerClone */,
				8B99B53D2B5BB2DE00ED20B3 /* Products */,
			);
			sourceTree = "<group>";
		};
		8B99B53D2B5BB2DE00ED20B3 /* Products */ = {
			isa = PBXGroup;
			children = (
				8B99B53C2B5BB2DE00ED20B3 /* MessagerClone.app */,
			);
			name = Products;
			sourceTree = "<group>";
		};
		8B99B53E2B5BB2DE00ED20B3 /* MessagerClone */ = {
			isa = PBXGroup;
			children = (
				8BF93C802B655518005147EF /* GoogleService-Info.plist */,
				8BA86A012B5C169D00B76079 /* Extentions */,
				8BA86A002B5C168D00B76079 /* Service */,
				8BA869FF2B5C168400B76079 /* Model */,
				8BA869FE2B5C167D00B76079 /* Core */,
				8BA869FD2B5C167600B76079 /* App */,
				8B99B5412B5BB2DE00ED20B3 /* ContentView.swift */,
				8B99B5432B5BB2E000ED20B3 /* Assets.xcassets */,
				8B99B5452B5BB2E000ED20B3 /* MessagerClone.entitlements */,
				8B99B5462B5BB2E000ED20B3 /* Preview Content */,
			);
			path = MessagerClone;
			sourceTree = "<group>";
		};
		8B99B5462B5BB2E000ED20B3 /* Preview Content */ = {
			isa = PBXGroup;
			children = (
				8B99B5472B5BB2E000ED20B3 /* Preview Assets.xcassets */,
			);
			path = "Preview Content";
			sourceTree = "<group>";
		};
		8BA869FD2B5C167600B76079 /* App */ = {
			isa = PBXGroup;
			children = (
				8B99B53F2B5BB2DE00ED20B3 /* MessagerCloneApp.swift */,
			);
			path = App;
			sourceTree = "<group>";
		};
		8BA869FE2B5C167D00B76079 /* Core */ = {
			isa = PBXGroup;
			children = (
				8BA86A202B5D6B3C00B76079 /* Chat */,
				8BA86A1D2B5D682800B76079 /* Components */,
				8BA86A122B5D051400B76079 /* Profile */,
				8BA86A0F2B5CFFBE00B76079 /* NewMessage */,
				8BA86A0A2B5CBC9F00B76079 /* ActiveNow */,
				8BA86A072B5CB98D00B76079 /* Inbox */,
				8BA86A022B5C16B600B76079 /* Authentication */,
			);
			path = Core;
			sourceTree = "<group>";
		};
		8BA869FF2B5C168400B76079 /* Model */ = {
			isa = PBXGroup;
			children = (
				8BA86A1B2B5D617600B76079 /* User.swift */,
			);
			path = Model;
			sourceTree = "<group>";
		};
		8BA86A002B5C168D00B76079 /* Service */ = {
			isa = PBXGroup;
			children = (
			);
			path = Service;
			sourceTree = "<group>";
		};
		8BA86A012B5C169D00B76079 /* Extentions */ = {
			isa = PBXGroup;
			children = (
			);
			path = Extentions;
			sourceTree = "<group>";
		};
		8BA86A022B5C16B600B76079 /* Authentication */ = {
			isa = PBXGroup;
			children = (
				8BA86A032B5C16D700B76079 /* LoginView.swift */,
				8BA86A052B5C226600B76079 /* RegistrationView.swift */,
			);
			path = Authentication;
			sourceTree = "<group>";
		};
		8BA86A072B5CB98D00B76079 /* Inbox */ = {
			isa = PBXGroup;
			children = (
				8BA86A082B5CB99900B76079 /* InboxView.swift */,
				8BA86A0D2B5CBFD600B76079 /* InboxRowView.swift */,
			);
			path = Inbox;
			sourceTree = "<group>";
		};
		8BA86A0A2B5CBC9F00B76079 /* ActiveNow */ = {
			isa = PBXGroup;
			children = (
				8BA86A0B2B5CBCB200B76079 /* ActiveNowView.swift */,
			);
			path = ActiveNow;
			sourceTree = "<group>";
		};
		8BA86A0F2B5CFFBE00B76079 /* NewMessage */ = {
			isa = PBXGroup;
			children = (
				8BA86A102B5CFFDF00B76079 /* NewMessageView.swift */,
			);
			path = NewMessage;
			sourceTree = "<group>";
		};
		8BA86A122B5D051400B76079 /* Profile */ = {
			isa = PBXGroup;
			children = (
				8BA86A162B5D0B3600B76079 /* ViewModel */,
				8BA86A152B5D0B2B00B76079 /* View */,
			);
			path = Profile;
			sourceTree = "<group>";
		};
		8BA86A152B5D0B2B00B76079 /* View */ = {
			isa = PBXGroup;
			children = (
				8BA86A132B5D052200B76079 /* ProfileView.swift */,
			);
			path = View;
			sourceTree = "<group>";
		};
		8BA86A162B5D0B3600B76079 /* ViewModel */ = {
			isa = PBXGroup;
			children = (
				8BA86A172B5D0B5B00B76079 /* SettingOptionsViewModel.swift */,
				8BA86A192B5D104400B76079 /* ProfileViewModel.swift */,
			);
			path = ViewModel;
			sourceTree = "<group>";
		};
		8BA86A1D2B5D682800B76079 /* Components */ = {
			isa = PBXGroup;
			children = (
				8BA86A1E2B5D685800B76079 /* CirculaProfileImageView.swift */,
			);
			path = Components;
			sourceTree = "<group>";
		};
		8BA86A202B5D6B3C00B76079 /* Chat */ = {
			isa = PBXGroup;
			children = (
				8BA86A212B5D6B4B00B76079 /* ChatView.swift */,
				8BA86A232B5D6DB200B76079 /* ChatMessageCell.swift */,
				8BA86A252B5D701400B76079 /* ChatBubble.swift */,
			);
			path = Chat;
			sourceTree = "<group>";
		};
/* End PBXGroup section */

/* Begin PBXNativeTarget section */
		8B99B53B2B5BB2DE00ED20B3 /* MessagerClone */ = {
			isa = PBXNativeTarget;
			buildConfigurationList = 8B99B54B2B5BB2E000ED20B3 /* Build configuration list for PBXNativeTarget "MessagerClone" */;
			buildPhases = (
				8B99B5382B5BB2DE00ED20B3 /* Sources */,
				8B99B5392B5BB2DE00ED20B3 /* Frameworks */,
				8B99B53A2B5BB2DE00ED20B3 /* Resources */,
			);
			buildRules = (
			);
			dependencies = (
			);
			name = MessagerClone;
			packageProductDependencies = (
				8BF93C832B6555F3005147EF /* FirebaseAnalytics */,
				8BF93C852B6555F3005147EF /* FirebaseAnalyticsOnDeviceConversion */,
				8BF93C872B6555F3005147EF /* FirebaseAnalyticsSwift */,
				8BF93C892B6555F3005147EF /* FirebaseAnalyticsWithoutAdIdSupport */,
				8BF93C8B2B6555F3005147EF /* FirebaseAppCheck */,
				8BF93C8D2B6555F3005147EF /* FirebaseAppDistribution-Beta */,
				8BF93C8F2B6555F3005147EF /* FirebaseAuth */,
				8BF93C912B6555F3005147EF /* FirebaseAuthCombine-Community */,
				8BF93C932B6555F3005147EF /* FirebaseCrashlytics */,
				8BF93C952B6555F3005147EF /* FirebaseDatabase */,
				8BF93C972B6555F3005147EF /* FirebaseDynamicLinks */,
				8BF93C992B6555F3005147EF /* FirebaseFirestore */,
				8BF93C9B2B6555F3005147EF /* FirebaseFirestoreCombine-Community */,
				8BF93C9D2B6555F3005147EF /* FirebaseFirestoreSwift */,
				8BF93C9F2B6555F3005147EF /* FirebaseFunctions */,
				8BF93CA12B6555F3005147EF /* FirebaseFunctionsCombine-Community */,
				8BF93CA32B6555F3005147EF /* FirebaseInAppMessaging-Beta */,
				8BF93CA52B6555F3005147EF /* FirebaseInAppMessagingSwift-Beta */,
				8BF93CA72B6555F3005147EF /* FirebaseInstallations */,
				8BF93CA92B6555F3005147EF /* FirebaseMLModelDownloader */,
				8BF93CAB2B6555F3005147EF /* FirebaseMessaging */,
				8BF93CAD2B6555F3005147EF /* FirebasePerformance */,
				8BF93CAF2B6555F3005147EF /* FirebaseRemoteConfig */,
				8BF93CB12B6555F3005147EF /* FirebaseRemoteConfigSwift */,
				8BF93CB32B6555F3005147EF /* FirebaseStorage */,
				8BF93CB52B6555F3005147EF /* FirebaseStorageCombine-Community */,
			);
			productName = MessagerClone;
			productReference = 8B99B53C2B5BB2DE00ED20B3 /* MessagerClone.app */;
			productType = "com.apple.product-type.application";
		};
/* End PBXNativeTarget section */

/* Begin PBXProject section */
		8B99B5342B5BB2DE00ED20B3 /* Project object */ = {
			isa = PBXProject;
			attributes = {
				BuildIndependentTargetsInParallel = 1;
				LastSwiftUpdateCheck = 1500;
				LastUpgradeCheck = 1500;
				TargetAttributes = {
					8B99B53B2B5BB2DE00ED20B3 = {
						CreatedOnToolsVersion = 15.0.1;
					};
				};
			};
			buildConfigurationList = 8B99B5372B5BB2DE00ED20B3 /* Build configuration list for PBXProject "MessagerClone" */;
			compatibilityVersion = "Xcode 14.0";
			developmentRegion = en;
			hasScannedForEncodings = 0;
			knownRegions = (
				en,
				Base,
			);
			mainGroup = 8B99B5332B5BB2DE00ED20B3;
			packageReferences = (
				8BF93C822B6555F3005147EF /* XCRemoteSwiftPackageReference "firebase-ios-sdk" */,
			);
			productRefGroup = 8B99B53D2B5BB2DE00ED20B3 /* Products */;
			projectDirPath = "";
			projectRoot = "";
			targets = (
				8B99B53B2B5BB2DE00ED20B3 /* MessagerClone */,
			);
		};
/* End PBXProject section */

/* Begin PBXResourcesBuildPhase section */
		8B99B53A2B5BB2DE00ED20B3 /* Resources */ = {
			isa = PBXResourcesBuildPhase;
			buildActionMask = 2147483647;
			files = (
				8B99B5482B5BB2E000ED20B3 /* Preview Assets.xcassets in Resources */,
				8B99B5442B5BB2E000ED20B3 /* Assets.xcassets in Resources */,
				8BF93C812B655518005147EF /* GoogleService-Info.plist in Resources */,
			);
			runOnlyForDeploymentPostprocessing = 0;
		};
/* End PBXResourcesBuildPhase section */

/* Begin PBXSourcesBuildPhase section */
		8B99B5382B5BB2DE00ED20B3 /* Sources */ = {
			isa = PBXSourcesBuildPhase;
			buildActionMask = 2147483647;
			files = (
				8BA86A0E2B5CBFD600B76079 /* InboxRowView.swift in Sources */,
				8BA86A142B5D052200B76079 /* ProfileView.swift in Sources */,
				8BA86A112B5CFFDF00B76079 /* NewMessageView.swift in Sources */,
				8BA86A042B5C16D700B76079 /* LoginView.swift in Sources */,
				8BA86A222B5D6B4B00B76079 /* ChatView.swift in Sources */,
				8B99B5422B5BB2DE00ED20B3 /* ContentView.swift in Sources */,
				8BA86A242B5D6DB200B76079 /* ChatMessageCell.swift in Sources */,
				8BA86A262B5D701400B76079 /* ChatBubble.swift in Sources */,
				8BA86A092B5CB99900B76079 /* InboxView.swift in Sources */,
				8BA86A182B5D0B5B00B76079 /* SettingOptionsViewModel.swift in Sources */,
				8BA86A1A2B5D104400B76079 /* ProfileViewModel.swift in Sources */,
				8BA86A1C2B5D617600B76079 /* User.swift in Sources */,
				8BA86A1F2B5D685800B76079 /* CirculaProfileImageView.swift in Sources */,
				8BA86A0C2B5CBCB200B76079 /* ActiveNowView.swift in Sources */,
				8B99B5402B5BB2DE00ED20B3 /* MessagerCloneApp.swift in Sources */,
				8BA86A062B5C226600B76079 /* RegistrationView.swift in Sources */,
			);
			runOnlyForDeploymentPostprocessing = 0;
		};
/* End PBXSourcesBuildPhase section */

/* Begin XCBuildConfiguration section */
		8B99B5492B5BB2E000ED20B3 /* Debug */ = {
			isa = XCBuildConfiguration;
			buildSettings = {
				ALWAYS_SEARCH_USER_PATHS = NO;
				ASSETCATALOG_COMPILER_GENERATE_SWIFT_ASSET_SYMBOL_EXTENSIONS = YES;
				CLANG_ANALYZER_NONNULL = YES;
				CLANG_ANALYZER_NUMBER_OBJECT_CONVERSION = YES_AGGRESSIVE;
				CLANG_CXX_LANGUAGE_STANDARD = "gnu++20";
				CLANG_ENABLE_MODULES = YES;
				CLANG_ENABLE_OBJC_ARC = YES;
				CLANG_ENABLE_OBJC_WEAK = YES;
				CLANG_WARN_BLOCK_CAPTURE_AUTORELEASING = YES;
				CLANG_WARN_BOOL_CONVERSION = YES;
				CLANG_WARN_COMMA = YES;
				CLANG_WARN_CONSTANT_CONVERSION = YES;
				CLANG_WARN_DEPRECATED_OBJC_IMPLEMENTATIONS = YES;
				CLANG_WARN_DIRECT_OBJC_ISA_USAGE = YES_ERROR;
				CLANG_WARN_DOCUMENTATION_COMMENTS = YES;
				CLANG_WARN_EMPTY_BODY = YES;
				CLANG_WARN_ENUM_CONVERSION = YES;
				CLANG_WARN_INFINITE_RECURSION = YES;
				CLANG_WARN_INT_CONVERSION = YES;
				CLANG_WARN_NON_LITERAL_NULL_CONVERSION = YES;
				CLANG_WARN_OBJC_IMPLICIT_RETAIN_SELF = YES;
				CLANG_WARN_OBJC_LITERAL_CONVERSION = YES;
				CLANG_WARN_OBJC_ROOT_CLASS = YES_ERROR;
				CLANG_WARN_QUOTED_INCLUDE_IN_FRAMEWORK_HEADER = YES;
				CLANG_WARN_RANGE_LOOP_ANALYSIS = YES;
				CLANG_WARN_STRICT_PROTOTYPES = YES;
				CLANG_WARN_SUSPICIOUS_MOVE = YES;
				CLANG_WARN_UNGUARDED_AVAILABILITY = YES_AGGRESSIVE;
				CLANG_WARN_UNREACHABLE_CODE = YES;
				CLANG_WARN__DUPLICATE_METHOD_MATCH = YES;
				COPY_PHASE_STRIP = NO;
				DEBUG_INFORMATION_FORMAT = dwarf;
				ENABLE_STRICT_OBJC_MSGSEND = YES;
				ENABLE_TESTABILITY = YES;
				ENABLE_USER_SCRIPT_SANDBOXING = YES;
				GCC_C_LANGUAGE_STANDARD = gnu17;
				GCC_DYNAMIC_NO_PIC = NO;
				GCC_NO_COMMON_BLOCKS = YES;
				GCC_OPTIMIZATION_LEVEL = 0;
				GCC_PREPROCESSOR_DEFINITIONS = (
					"DEBUG=1",
					"$(inherited)",
				);
				GCC_WARN_64_TO_32_BIT_CONVERSION = YES;
				GCC_WARN_ABOUT_RETURN_TYPE = YES_ERROR;
				GCC_WARN_UNDECLARED_SELECTOR = YES;
				GCC_WARN_UNINITIALIZED_AUTOS = YES_AGGRESSIVE;
				GCC_WARN_UNUSED_FUNCTION = YES;
				GCC_WARN_UNUSED_VARIABLE = YES;
				LOCALIZATION_PREFERS_STRING_CATALOGS = YES;
				MTL_ENABLE_DEBUG_INFO = INCLUDE_SOURCE;
				MTL_FAST_MATH = YES;
				ONLY_ACTIVE_ARCH = YES;
				SWIFT_ACTIVE_COMPILATION_CONDITIONS = "DEBUG $(inherited)";
				SWIFT_OPTIMIZATION_LEVEL = "-Onone";
			};
			name = Debug;
		};
		8B99B54A2B5BB2E000ED20B3 /* Release */ = {
			isa = XCBuildConfiguration;
			buildSettings = {
				ALWAYS_SEARCH_USER_PATHS = NO;
				ASSETCATALOG_COMPILER_GENERATE_SWIFT_ASSET_SYMBOL_EXTENSIONS = YES;
				CLANG_ANALYZER_NONNULL = YES;
				CLANG_ANALYZER_NUMBER_OBJECT_CONVERSION = YES_AGGRESSIVE;
				CLANG_CXX_LANGUAGE_STANDARD = "gnu++20";
				CLANG_ENABLE_MODULES = YES;
				CLANG_ENABLE_OBJC_ARC = YES;
				CLANG_ENABLE_OBJC_WEAK = YES;
				CLANG_WARN_BLOCK_CAPTURE_AUTORELEASING = YES;
				CLANG_WARN_BOOL_CONVERSION = YES;
				CLANG_WARN_COMMA = YES;
				CLANG_WARN_CONSTANT_CONVERSION = YES;
				CLANG_WARN_DEPRECATED_OBJC_IMPLEMENTATIONS = YES;
				CLANG_WARN_DIRECT_OBJC_ISA_USAGE = YES_ERROR;
				CLANG_WARN_DOCUMENTATION_COMMENTS = YES;
				CLANG_WARN_EMPTY_BODY = YES;
				CLANG_WARN_ENUM_CONVERSION = YES;
				CLANG_WARN_INFINITE_RECURSION = YES;
				CLANG_WARN_INT_CONVERSION = YES;
				CLANG_WARN_NON_LITERAL_NULL_CONVERSION = YES;
				CLANG_WARN_OBJC_IMPLICIT_RETAIN_SELF = YES;
				CLANG_WARN_OBJC_LITERAL_CONVERSION = YES;
				CLANG_WARN_OBJC_ROOT_CLASS = YES_ERROR;
				CLANG_WARN_QUOTED_INCLUDE_IN_FRAMEWORK_HEADER = YES;
				CLANG_WARN_RANGE_LOOP_ANALYSIS = YES;
				CLANG_WARN_STRICT_PROTOTYPES = YES;
				CLANG_WARN_SUSPICIOUS_MOVE = YES;
				CLANG_WARN_UNGUARDED_AVAILABILITY = YES_AGGRESSIVE;
				CLANG_WARN_UNREACHABLE_CODE = YES;
				CLANG_WARN__DUPLICATE_METHOD_MATCH = YES;
				COPY_PHASE_STRIP = NO;
				DEBUG_INFORMATION_FORMAT = "dwarf-with-dsym";
				ENABLE_NS_ASSERTIONS = NO;
				ENABLE_STRICT_OBJC_MSGSEND = YES;
				ENABLE_USER_SCRIPT_SANDBOXING = YES;
				GCC_C_LANGUAGE_STANDARD = gnu17;
				GCC_NO_COMMON_BLOCKS = YES;
				GCC_WARN_64_TO_32_BIT_CONVERSION = YES;
				GCC_WARN_ABOUT_RETURN_TYPE = YES_ERROR;
				GCC_WARN_UNDECLARED_SELECTOR = YES;
				GCC_WARN_UNINITIALIZED_AUTOS = YES_AGGRESSIVE;
				GCC_WARN_UNUSED_FUNCTION = YES;
				GCC_WARN_UNUSED_VARIABLE = YES;
				LOCALIZATION_PREFERS_STRING_CATALOGS = YES;
				MTL_ENABLE_DEBUG_INFO = NO;
				MTL_FAST_MATH = YES;
				SWIFT_COMPILATION_MODE = wholemodule;
			};
			name = Release;
		};
		8B99B54C2B5BB2E000ED20B3 /* Debug */ = {
			isa = XCBuildConfiguration;
			buildSettings = {
				ASSETCATALOG_COMPILER_APPICON_NAME = AppIcon;
				ASSETCATALOG_COMPILER_GLOBAL_ACCENT_COLOR_NAME = AccentColor;
				CODE_SIGN_ENTITLEMENTS = MessagerClone/MessagerClone.entitlements;
				CODE_SIGN_STYLE = Automatic;
				CURRENT_PROJECT_VERSION = 1;
				DEVELOPMENT_ASSET_PATHS = "\"MessagerClone/Preview Content\"";
				ENABLE_PREVIEWS = YES;
				GENERATE_INFOPLIST_FILE = YES;
				"INFOPLIST_KEY_UIApplicationSceneManifest_Generation[sdk=iphoneos*]" = YES;
				"INFOPLIST_KEY_UIApplicationSceneManifest_Generation[sdk=iphonesimulator*]" = YES;
				"INFOPLIST_KEY_UIApplicationSupportsIndirectInputEvents[sdk=iphoneos*]" = YES;
				"INFOPLIST_KEY_UIApplicationSupportsIndirectInputEvents[sdk=iphonesimulator*]" = YES;
				"INFOPLIST_KEY_UILaunchScreen_Generation[sdk=iphoneos*]" = YES;
				"INFOPLIST_KEY_UILaunchScreen_Generation[sdk=iphonesimulator*]" = YES;
				"INFOPLIST_KEY_UIStatusBarStyle[sdk=iphoneos*]" = UIStatusBarStyleDefault;
				"INFOPLIST_KEY_UIStatusBarStyle[sdk=iphonesimulator*]" = UIStatusBarStyleDefault;
				INFOPLIST_KEY_UISupportedInterfaceOrientations_iPad = "UIInterfaceOrientationPortrait UIInterfaceOrientationPortraitUpsideDown UIInterfaceOrientationLandscapeLeft UIInterfaceOrientationLandscapeRight";
				INFOPLIST_KEY_UISupportedInterfaceOrientations_iPhone = "UIInterfaceOrientationPortrait UIInterfaceOrientationLandscapeLeft UIInterfaceOrientationLandscapeRight";
				IPHONEOS_DEPLOYMENT_TARGET = 17.0;
				LD_RUNPATH_SEARCH_PATHS = "@executable_path/Frameworks";
				"LD_RUNPATH_SEARCH_PATHS[sdk=macosx*]" = "@executable_path/../Frameworks";
				MACOSX_DEPLOYMENT_TARGET = 13.6;
				MARKETING_VERSION = 1.0;
				PRODUCT_BUNDLE_IDENTIFIER = com.khanhnguyen.messagerClone.MessagerClone;
				PRODUCT_NAME = "$(TARGET_NAME)";
				SDKROOT = auto;
				SUPPORTED_PLATFORMS = "iphoneos iphonesimulator macosx";
				SWIFT_EMIT_LOC_STRINGS = YES;
				SWIFT_VERSION = 5.0;
				TARGETED_DEVICE_FAMILY = "1,2";
			};
			name = Debug;
		};
		8B99B54D2B5BB2E000ED20B3 /* Release */ = {
			isa = XCBuildConfiguration;
			buildSettings = {
				ASSETCATALOG_COMPILER_APPICON_NAME = AppIcon;
				ASSETCATALOG_COMPILER_GLOBAL_ACCENT_COLOR_NAME = AccentColor;
				CODE_SIGN_ENTITLEMENTS = MessagerClone/MessagerClone.entitlements;
				CODE_SIGN_STYLE = Automatic;
				CURRENT_PROJECT_VERSION = 1;
				DEVELOPMENT_ASSET_PATHS = "\"MessagerClone/Preview Content\"";
				ENABLE_PREVIEWS = YES;
				GENERATE_INFOPLIST_FILE = YES;
				"INFOPLIST_KEY_UIApplicationSceneManifest_Generation[sdk=iphoneos*]" = YES;
				"INFOPLIST_KEY_UIApplicationSceneManifest_Generation[sdk=iphonesimulator*]" = YES;
				"INFOPLIST_KEY_UIApplicationSupportsIndirectInputEvents[sdk=iphoneos*]" = YES;
				"INFOPLIST_KEY_UIApplicationSupportsIndirectInputEvents[sdk=iphonesimulator*]" = YES;
				"INFOPLIST_KEY_UILaunchScreen_Generation[sdk=iphoneos*]" = YES;
				"INFOPLIST_KEY_UILaunchScreen_Generation[sdk=iphonesimulator*]" = YES;
				"INFOPLIST_KEY_UIStatusBarStyle[sdk=iphoneos*]" = UIStatusBarStyleDefault;
				"INFOPLIST_KEY_UIStatusBarStyle[sdk=iphonesimulator*]" = UIStatusBarStyleDefault;
				INFOPLIST_KEY_UISupportedInterfaceOrientations_iPad = "UIInterfaceOrientationPortrait UIInterfaceOrientationPortraitUpsideDown UIInterfaceOrientationLandscapeLeft UIInterfaceOrientationLandscapeRight";
				INFOPLIST_KEY_UISupportedInterfaceOrientations_iPhone = "UIInterfaceOrientationPortrait UIInterfaceOrientationLandscapeLeft UIInterfaceOrientationLandscapeRight";
				IPHONEOS_DEPLOYMENT_TARGET = 17.0;
				LD_RUNPATH_SEARCH_PATHS = "@executable_path/Frameworks";
				"LD_RUNPATH_SEARCH_PATHS[sdk=macosx*]" = "@executable_path/../Frameworks";
				MACOSX_DEPLOYMENT_TARGET = 13.6;
				MARKETING_VERSION = 1.0;
				PRODUCT_BUNDLE_IDENTIFIER = com.khanhnguyen.messagerClone.MessagerClone;
				PRODUCT_NAME = "$(TARGET_NAME)";
				SDKROOT = auto;
				SUPPORTED_PLATFORMS = "iphoneos iphonesimulator macosx";
				SWIFT_EMIT_LOC_STRINGS = YES;
				SWIFT_VERSION = 5.0;
				TARGETED_DEVICE_FAMILY = "1,2";
			};
			name = Release;
		};
/* End XCBuildConfiguration section */

/* Begin XCConfigurationList section */
		8B99B5372B5BB2DE00ED20B3 /* Build configuration list for PBXProject "MessagerClone" */ = {
			isa = XCConfigurationList;
			buildConfigurations = (
				8B99B5492B5BB2E000ED20B3 /* Debug */,
				8B99B54A2B5BB2E000ED20B3 /* Release */,
			);
			defaultConfigurationIsVisible = 0;
			defaultConfigurationName = Release;
		};
		8B99B54B2B5BB2E000ED20B3 /* Build configuration list for PBXNativeTarget "MessagerClone" */ = {
			isa = XCConfigurationList;
			buildConfigurations = (
				8B99B54C2B5BB2E000ED20B3 /* Debug */,
				8B99B54D2B5BB2E000ED20B3 /* Release */,
			);
			defaultConfigurationIsVisible = 0;
			defaultConfigurationName = Release;
		};
/* End XCConfigurationList section */

/* Begin XCRemoteSwiftPackageReference section */
		8BF93C822B6555F3005147EF /* XCRemoteSwiftPackageReference "firebase-ios-sdk" */ = {
			isa = XCRemoteSwiftPackageReference;
			repositoryURL = "https://github.com/firebase/firebase-ios-sdk";
			requirement = {
				kind = upToNextMajorVersion;
				minimumVersion = 10.20.0;
			};
		};
/* End XCRemoteSwiftPackageReference section */

/* Begin XCSwiftPackageProductDependency section */
		8BF93C832B6555F3005147EF /* FirebaseAnalytics */ = {
			isa = XCSwiftPackageProductDependency;
			package = 8BF93C822B6555F3005147EF /* XCRemoteSwiftPackageReference "firebase-ios-sdk" */;
			productName = FirebaseAnalytics;
		};
		8BF93C852B6555F3005147EF /* FirebaseAnalyticsOnDeviceConversion */ = {
			isa = XCSwiftPackageProductDependency;
			package = 8BF93C822B6555F3005147EF /* XCRemoteSwiftPackageReference "firebase-ios-sdk" */;
			productName = FirebaseAnalyticsOnDeviceConversion;
		};
		8BF93C872B6555F3005147EF /* FirebaseAnalyticsSwift */ = {
			isa = XCSwiftPackageProductDependency;
			package = 8BF93C822B6555F3005147EF /* XCRemoteSwiftPackageReference "firebase-ios-sdk" */;
			productName = FirebaseAnalyticsSwift;
		};
		8BF93C892B6555F3005147EF /* FirebaseAnalyticsWithoutAdIdSupport */ = {
			isa = XCSwiftPackageProductDependency;
			package = 8BF93C822B6555F3005147EF /* XCRemoteSwiftPackageReference "firebase-ios-sdk" */;
			productName = FirebaseAnalyticsWithoutAdIdSupport;
		};
		8BF93C8B2B6555F3005147EF /* FirebaseAppCheck */ = {
			isa = XCSwiftPackageProductDependency;
			package = 8BF93C822B6555F3005147EF /* XCRemoteSwiftPackageReference "firebase-ios-sdk" */;
			productName = FirebaseAppCheck;
		};
		8BF93C8D2B6555F3005147EF /* FirebaseAppDistribution-Beta */ = {
			isa = XCSwiftPackageProductDependency;
			package = 8BF93C822B6555F3005147EF /* XCRemoteSwiftPackageReference "firebase-ios-sdk" */;
			productName = "FirebaseAppDistribution-Beta";
		};
		8BF93C8F2B6555F3005147EF /* FirebaseAuth */ = {
			isa = XCSwiftPackageProductDependency;
			package = 8BF93C822B6555F3005147EF /* XCRemoteSwiftPackageReference "firebase-ios-sdk" */;
			productName = FirebaseAuth;
		};
		8BF93C912B6555F3005147EF /* FirebaseAuthCombine-Community */ = {
			isa = XCSwiftPackageProductDependency;
			package = 8BF93C822B6555F3005147EF /* XCRemoteSwiftPackageReference "firebase-ios-sdk" */;
			productName = "FirebaseAuthCombine-Community";
		};
		8BF93C932B6555F3005147EF /* FirebaseCrashlytics */ = {
			isa = XCSwiftPackageProductDependency;
			package = 8BF93C822B6555F3005147EF /* XCRemoteSwiftPackageReference "firebase-ios-sdk" */;
			productName = FirebaseCrashlytics;
		};
		8BF93C952B6555F3005147EF /* FirebaseDatabase */ = {
			isa = XCSwiftPackageProductDependency;
			package = 8BF93C822B6555F3005147EF /* XCRemoteSwiftPackageReference "firebase-ios-sdk" */;
			productName = FirebaseDatabase;
		};
		8BF93C972B6555F3005147EF /* FirebaseDynamicLinks */ = {
			isa = XCSwiftPackageProductDependency;
			package = 8BF93C822B6555F3005147EF /* XCRemoteSwiftPackageReference "firebase-ios-sdk" */;
			productName = FirebaseDynamicLinks;
		};
		8BF93C992B6555F3005147EF /* FirebaseFirestore */ = {
			isa = XCSwiftPackageProductDependency;
			package = 8BF93C822B6555F3005147EF /* XCRemoteSwiftPackageReference "firebase-ios-sdk" */;
			productName = FirebaseFirestore;
		};
		8BF93C9B2B6555F3005147EF /* FirebaseFirestoreCombine-Community */ = {
			isa = XCSwiftPackageProductDependency;
			package = 8BF93C822B6555F3005147EF /* XCRemoteSwiftPackageReference "firebase-ios-sdk" */;
			productName = "FirebaseFirestoreCombine-Community";
		};
		8BF93C9D2B6555F3005147EF /* FirebaseFirestoreSwift */ = {
			isa = XCSwiftPackageProductDependency;
			package = 8BF93C822B6555F3005147EF /* XCRemoteSwiftPackageReference "firebase-ios-sdk" */;
			productName = FirebaseFirestoreSwift;
		};
		8BF93C9F2B6555F3005147EF /* FirebaseFunctions */ = {
			isa = XCSwiftPackageProductDependency;
			package = 8BF93C822B6555F3005147EF /* XCRemoteSwiftPackageReference "firebase-ios-sdk" */;
			productName = FirebaseFunctions;
		};
		8BF93CA12B6555F3005147EF /* FirebaseFunctionsCombine-Community */ = {
			isa = XCSwiftPackageProductDependency;
			package = 8BF93C822B6555F3005147EF /* XCRemoteSwiftPackageReference "firebase-ios-sdk" */;
			productName = "FirebaseFunctionsCombine-Community";
		};
		8BF93CA32B6555F3005147EF /* FirebaseInAppMessaging-Beta */ = {
			isa = XCSwiftPackageProductDependency;
			package = 8BF93C822B6555F3005147EF /* XCRemoteSwiftPackageReference "firebase-ios-sdk" */;
			productName = "FirebaseInAppMessaging-Beta";
		};
		8BF93CA52B6555F3005147EF /* FirebaseInAppMessagingSwift-Beta */ = {
			isa = XCSwiftPackageProductDependency;
			package = 8BF93C822B6555F3005147EF /* XCRemoteSwiftPackageReference "firebase-ios-sdk" */;
			productName = "FirebaseInAppMessagingSwift-Beta";
		};
		8BF93CA72B6555F3005147EF /* FirebaseInstallations */ = {
			isa = XCSwiftPackageProductDependency;
			package = 8BF93C822B6555F3005147EF /* XCRemoteSwiftPackageReference "firebase-ios-sdk" */;
			productName = FirebaseInstallations;
		};
		8BF93CA92B6555F3005147EF /* FirebaseMLModelDownloader */ = {
			isa = XCSwiftPackageProductDependency;
			package = 8BF93C822B6555F3005147EF /* XCRemoteSwiftPackageReference "firebase-ios-sdk" */;
			productName = FirebaseMLModelDownloader;
		};
		8BF93CAB2B6555F3005147EF /* FirebaseMessaging */ = {
			isa = XCSwiftPackageProductDependency;
			package = 8BF93C822B6555F3005147EF /* XCRemoteSwiftPackageReference "firebase-ios-sdk" */;
			productName = FirebaseMessaging;
		};
		8BF93CAD2B6555F3005147EF /* FirebasePerformance */ = {
			isa = XCSwiftPackageProductDependency;
			package = 8BF93C822B6555F3005147EF /* XCRemoteSwiftPackageReference "firebase-ios-sdk" */;
			productName = FirebasePerformance;
		};
		8BF93CAF2B6555F3005147EF /* FirebaseRemoteConfig */ = {
			isa = XCSwiftPackageProductDependency;
			package = 8BF93C822B6555F3005147EF /* XCRemoteSwiftPackageReference "firebase-ios-sdk" */;
			productName = FirebaseRemoteConfig;
		};
		8BF93CB12B6555F3005147EF /* FirebaseRemoteConfigSwift */ = {
			isa = XCSwiftPackageProductDependency;
			package = 8BF93C822B6555F3005147EF /* XCRemoteSwiftPackageReference "firebase-ios-sdk" */;
			productName = FirebaseRemoteConfigSwift;
		};
		8BF93CB32B6555F3005147EF /* FirebaseStorage */ = {
			isa = XCSwiftPackageProductDependency;
			package = 8BF93C822B6555F3005147EF /* XCRemoteSwiftPackageReference "firebase-ios-sdk" */;
			productName = FirebaseStorage;
		};
		8BF93CB52B6555F3005147EF /* FirebaseStorageCombine-Community */ = {
			isa = XCSwiftPackageProductDependency;
			package = 8BF93C822B6555F3005147EF /* XCRemoteSwiftPackageReference "firebase-ios-sdk" */;
			productName = "FirebaseStorageCombine-Community";
		};
/* End XCSwiftPackageProductDependency section */
	};
	rootObject = 8B99B5342B5BB2DE00ED20B3 /* Project object */;
}
